
Microsoft Visual Studio Solution File, Format Version 12.00
# Visual Studio Version 17
VisualStudioVersion = 17.8.34330.188
MinimumVisualStudioVersion = 10.0.40219.1
Project("{9A19103F-16F7-4668-BE54-9A1E7A4F7556}") = "AbstractFactoryClient", "AbstractFactoryClient.csproj", "{FCC1DCAC-FDED-485C-9EFE-D54B58DC1473}"
EndProject
Project("{FAE04EC0-301F-11D3-BF4B-00C04F79EFBC}") = "AbstractFactoryDSP", "..\AbstractFactoryDSP\AbstractFactoryDSP.csproj", "{203003A4-064C-460C-A453-4F1B5281D75C}"
EndProject
Global
	GlobalSection(SolutionConfigurationPlatforms) = preSolution
		Debug|Any CPU = Debug|Any CPU
		Release|Any CPU = Release|Any CPU
	EndGlobalSection
	GlobalSection(ProjectConfigurationPlatforms) = postSolution
		{FCC1DCAC-FDED-485C-9EFE-D54B58DC1473}.Debug|Any CPU.ActiveCfg = Debug|Any CPU
		{FCC1DCAC-FDED-485C-9EFE-D54B58DC1473}.Debug|Any CPU.Build.0 = Debug|Any CPU
		{FCC1DCAC-FDED-485C-9EFE-D54B58DC1473}.Release|Any CPU.ActiveCfg = Release|Any CPU
		{FCC1DCAC-FDED-485C-9EFE-D54B58DC1473}.Release|Any CPU.Build.0 = Release|Any CPU
		{203003A4-064C-460C-A453-4F1B5281D75C}.Debug|Any CPU.ActiveCfg = Debug|Any CPU
		{203003A4-064C-460C-A453-4F1B5281D75C}.Debug|Any CPU.Build.0 = Debug|Any CPU
		{203003A4-064C-460C-A453-4F1B5281D75C}.Release|Any CPU.ActiveCfg = Release|Any CPU
		{203003A4-064C-460C-A453-4F1B5281D75C}.Release|Any CPU.Build.0 = Release|Any CPU
	EndGlobalSection
	GlobalSection(SolutionProperties) = preSolution
		HideSolutionNode = FALSE
	EndGlobalSection
	GlobalSection(ExtensibilityGlobals) = postSolution
		SolutionGuid = {ECC321E4-736C-44A8-A55D-B4A599E16199}
	EndGlobalSection
EndGlobal
