
Microsoft Visual Studio Solution File, Format Version 12.00
# Visual Studio Version 17
VisualStudioVersion = 17.8.34330.188
MinimumVisualStudioVersion = 10.0.40219.1
Project("{FAE04EC0-301F-11D3-BF4B-00C04F79EFBC}") = "ChainOfResponsibilityClient", "ChainOfResponsibilityClient.csproj", "{00B86DC4-4503-40B5-A803-0965F84CFAE4}"
EndProject
Project("{FAE04EC0-301F-11D3-BF4B-00C04F79EFBC}") = "ChainOfResponsibilityDesignPattern", "..\ChainOfResponsibilityDesignPattern\ChainOfResponsibilityDesignPattern.csproj", "{840951A3-50BC-4E81-8A3D-64F587B6F2DD}"
EndProject
Global
	GlobalSection(SolutionConfigurationPlatforms) = preSolution
		Debug|Any CPU = Debug|Any CPU
		Release|Any CPU = Release|Any CPU
	EndGlobalSection
	GlobalSection(ProjectConfigurationPlatforms) = postSolution
		{00B86DC4-4503-40B5-A803-0965F84CFAE4}.Debug|Any CPU.ActiveCfg = Debug|Any CPU
		{00B86DC4-4503-40B5-A803-0965F84CFAE4}.Debug|Any CPU.Build.0 = Debug|Any CPU
		{00B86DC4-4503-40B5-A803-0965F84CFAE4}.Release|Any CPU.ActiveCfg = Release|Any CPU
		{00B86DC4-4503-40B5-A803-0965F84CFAE4}.Release|Any CPU.Build.0 = Release|Any CPU
		{840951A3-50BC-4E81-8A3D-64F587B6F2DD}.Debug|Any CPU.ActiveCfg = Debug|Any CPU
		{840951A3-50BC-4E81-8A3D-64F587B6F2DD}.Debug|Any CPU.Build.0 = Debug|Any CPU
		{840951A3-50BC-4E81-8A3D-64F587B6F2DD}.Release|Any CPU.ActiveCfg = Release|Any CPU
		{840951A3-50BC-4E81-8A3D-64F587B6F2DD}.Release|Any CPU.Build.0 = Release|Any CPU
	EndGlobalSection
	GlobalSection(SolutionProperties) = preSolution
		HideSolutionNode = FALSE
	EndGlobalSection
	GlobalSection(ExtensibilityGlobals) = postSolution
		SolutionGuid = {7DA33C8F-1BAB-47FC-8037-CAFE06C5E419}
	EndGlobalSection
EndGlobal
