
Microsoft Visual Studio Solution File, Format Version 12.00
# Visual Studio Version 17
VisualStudioVersion = 17.8.34330.188
MinimumVisualStudioVersion = 10.0.40219.1
Project("{FAE04EC0-301F-11D3-BF4B-00C04F79EFBC}") = "Prototype Client", "Prototype Client.csproj", "{4FB11A86-582B-4A32-A696-AC73327C3A3F}"
EndProject
Project("{FAE04EC0-301F-11D3-BF4B-00C04F79EFBC}") = "Prototype_Design_Pattern", "..\Prototype_Design_Pattern\Prototype_Design_Pattern.csproj", "{D248A9B8-7117-423C-9898-AED6F8A666EA}"
EndProject
Global
	GlobalSection(SolutionConfigurationPlatforms) = preSolution
		Debug|Any CPU = Debug|Any CPU
		Release|Any CPU = Release|Any CPU
	EndGlobalSection
	GlobalSection(ProjectConfigurationPlatforms) = postSolution
		{4FB11A86-582B-4A32-A696-AC73327C3A3F}.Debug|Any CPU.ActiveCfg = Debug|Any CPU
		{4FB11A86-582B-4A32-A696-AC73327C3A3F}.Debug|Any CPU.Build.0 = Debug|Any CPU
		{4FB11A86-582B-4A32-A696-AC73327C3A3F}.Release|Any CPU.ActiveCfg = Release|Any CPU
		{4FB11A86-582B-4A32-A696-AC73327C3A3F}.Release|Any CPU.Build.0 = Release|Any CPU
		{D248A9B8-7117-423C-9898-AED6F8A666EA}.Debug|Any CPU.ActiveCfg = Debug|Any CPU
		{D248A9B8-7117-423C-9898-AED6F8A666EA}.Debug|Any CPU.Build.0 = Debug|Any CPU
		{D248A9B8-7117-423C-9898-AED6F8A666EA}.Release|Any CPU.ActiveCfg = Release|Any CPU
		{D248A9B8-7117-423C-9898-AED6F8A666EA}.Release|Any CPU.Build.0 = Release|Any CPU
	EndGlobalSection
	GlobalSection(SolutionProperties) = preSolution
		HideSolutionNode = FALSE
	EndGlobalSection
	GlobalSection(ExtensibilityGlobals) = postSolution
		SolutionGuid = {071AFBC4-8B8A-4A1D-BE09-58BA767B8763}
	EndGlobalSection
EndGlobal
